{
  "name": "nntp-faster",
  "version": "1.0.0",
  "lockfileVersion": 2,
  "requires": true,
  "packages": {
    "": {
      "name": "nntp-faster",
      "version": "1.0.0",
      "license": "Unlicense",
      "dependencies": {
        "nntp-fast": "^0.2.1"
      }
    },
    "node_modules/nntp-fast": {
      "version": "0.2.1",
      "resolved": "https://registry.npmjs.org/nntp-fast/-/nntp-fast-0.2.1.tgz",
      "integrity": "sha512-6GkW+wHWybGMe2AVlw3VcFk0512Ih1mEy7iL5xGcJjjY7IoItEuNdtvpk5gG4LiUjzDPj1Mab5Yd2imQCYpDQQ==",
      "dependencies": {
        "streamsearch": "^0.1.2"
      }
    },
    "node_modules/streamsearch": {
      "version": "0.1.2",
      "resolved": "https://registry.npmjs.org/streamsearch/-/streamsearch-0.1.2.tgz",
      "integrity": "sha1-gIudDlb8Jz2Am6VzOOkpkZoanxo=",
      "engines": {
        "node": ">=0.8.0"
      }
    }
  },
  "dependencies": {
    "nntp-fast": {
      "version": "0.2.1",
      "resolved": "https://registry.npmjs.org/nntp-fast/-/nntp-fast-0.2.1.tgz",
      "integrity": "sha512-6GkW+wHWybGMe2AVlw3VcFk0512Ih1mEy7iL5xGcJjjY7IoItEuNdtvpk5gG4LiUjzDPj1Mab5Yd2imQCYpDQQ==",
      "requires": {
        "streamsearch": "^0.1.2"
      }
    },
    "streamsearch": {
      "version": "0.1.2",
      "resolved": "https://registry.npmjs.org/streamsearch/-/streamsearch-0.1.2.tgz",
      "integrity": "sha1-gIudDlb8Jz2Am6VzOOkpkZoanxo="
    }
  }
}
